
Microsoft Visual Studio Solution File, Format Version 12.00
# Visual Studio 15
VisualStudioVersion = 15.0.28307.271
MinimumVisualStudioVersion = 10.0.40219.1
Project("{FAE04EC0-301F-11D3-BF4B-00C04F79EFBC}") = "X_0", "X_0\X_0.csproj", "{6502304C-BD52-41F6-A7C8-52E43943EC63}"
EndProject
Global
	GlobalSection(SolutionConfigurationPlatforms) = preSolution
		Debug|Any CPU = Debug|Any CPU
		Release|Any CPU = Release|Any CPU
	EndGlobalSection
	GlobalSection(ProjectConfigurationPlatforms) = postSolution
		{6502304C-BD52-41F6-A7C8-52E43943EC63}.Debug|Any CPU.ActiveCfg = Debug|Any CPU
		{6502304C-BD52-41F6-A7C8-52E43943EC63}.Debug|Any CPU.Build.0 = Debug|Any CPU
		{6502304C-BD52-41F6-A7C8-52E43943EC63}.Release|Any CPU.ActiveCfg = Release|Any CPU
		{6502304C-BD52-41F6-A7C8-52E43943EC63}.Release|Any CPU.Build.0 = Release|Any CPU
	EndGlobalSection
	GlobalSection(SolutionProperties) = preSolution
		HideSolutionNode = FALSE
	EndGlobalSection
	GlobalSection(ExtensibilityGlobals) = postSolution
		SolutionGuid = {63DA3213-C7A9-4E90-B69C-4D9E97B1C922}
	EndGlobalSection
EndGlobal
